
Microsoft Visual Studio Solution File, Format Version 12.00
# Visual Studio 14
VisualStudioVersion = 14.0.25420.1
MinimumVisualStudioVersion = 10.0.40219.1
Project("{FAE04EC0-301F-11D3-BF4B-00C04F79EFBC}") = "WorkFlow", "WorkFlow\WorkFlow.csproj", "{759939F3-88B1-425D-B8A4-0FCCDD3A932D}"
EndProject
Global
	GlobalSection(SolutionConfigurationPlatforms) = preSolution
		Debug|Any CPU = Debug|Any CPU
		Release|Any CPU = Release|Any CPU
	EndGlobalSection
	GlobalSection(ProjectConfigurationPlatforms) = postSolution
		{759939F3-88B1-425D-B8A4-0FCCDD3A932D}.Debug|Any CPU.ActiveCfg = Debug|Any CPU
		{759939F3-88B1-425D-B8A4-0FCCDD3A932D}.Debug|Any CPU.Build.0 = Debug|Any CPU
		{759939F3-88B1-425D-B8A4-0FCCDD3A932D}.Release|Any CPU.ActiveCfg = Release|Any CPU
		{759939F3-88B1-425D-B8A4-0FCCDD3A932D}.Release|Any CPU.Build.0 = Release|Any CPU
	EndGlobalSection
	GlobalSection(SolutionProperties) = preSolution
		HideSolutionNode = FALSE
	EndGlobalSection
EndGlobal
